
Microsoft Visual Studio Solution File, Format Version 12.00
# Visual Studio 15
Project("{FAE04EC0-301F-11D3-BF4B-00C04F79EFBC}") = "Exercise15", "Exercise15.csproj", "{47581655-7F8A-4D16-BA12-BCC0416EC3BD}"
EndProject
Global
	GlobalSection(SolutionConfigurationPlatforms) = preSolution
		Debug|Any CPU = Debug|Any CPU
		Release|Any CPU = Release|Any CPU
	EndGlobalSection
	GlobalSection(ProjectConfigurationPlatforms) = postSolution
		{47581655-7F8A-4D16-BA12-BCC0416EC3BD}.Debug|Any CPU.ActiveCfg = Debug|Any CPU
		{47581655-7F8A-4D16-BA12-BCC0416EC3BD}.Debug|Any CPU.Build.0 = Debug|Any CPU
		{47581655-7F8A-4D16-BA12-BCC0416EC3BD}.Release|Any CPU.ActiveCfg = Release|Any CPU
		{47581655-7F8A-4D16-BA12-BCC0416EC3BD}.Release|Any CPU.Build.0 = Release|Any CPU
	EndGlobalSection
EndGlobal
